
Microsoft Visual Studio Solution File, Format Version 10.00
# Visual Studio 2008
Project("{8BC9CEB8-8B4A-11D0-8D11-00A0C91BC942}") = "AocTM", "AocTM.vcproj", "{A454C681-0887-43F3-A5F1-65A4A375DE32}"
EndProject
Project("{8BC9CEB8-8B4A-11D0-8D11-00A0C91BC942}") = "XListCtrlDS", "XListCtrl\XListCtrlLib\XListCtrlDS.vcproj", "{6FB226A5-AF4D-4760-8436-4F6C757C1A54}"
EndProject
Project("{8BC9CEB8-8B4A-11D0-8D11-00A0C91BC942}") = "XListCtrlDD", "XListCtrl\XListCtrlLib\XListCtrlDD.vcproj", "{F61BE55B-F48F-49A6-891A-DB8250B5CBB8}"
EndProject
Project("{8BC9CEB8-8B4A-11D0-8D11-00A0C91BC942}") = "XListCtrlSS", "XListCtrl\XListCtrlLib\XListCtrlSS.vcproj", "{10920ABC-E2CA-4EC9-8968-25DDF6E69FBD}"
EndProject
Global
	GlobalSection(SolutionConfigurationPlatforms) = preSolution
		Debug Unicode|Win32 = Debug Unicode|Win32
		Debug|Win32 = Debug|Win32
		Release Unicode|Win32 = Release Unicode|Win32
		Release|Win32 = Release|Win32
	EndGlobalSection
	GlobalSection(ProjectConfigurationPlatforms) = postSolution
		{A454C681-0887-43F3-A5F1-65A4A375DE32}.Debug Unicode|Win32.ActiveCfg = Debug|Win32
		{A454C681-0887-43F3-A5F1-65A4A375DE32}.Debug Unicode|Win32.Build.0 = Debug|Win32
		{A454C681-0887-43F3-A5F1-65A4A375DE32}.Debug|Win32.ActiveCfg = Debug|Win32
		{A454C681-0887-43F3-A5F1-65A4A375DE32}.Debug|Win32.Build.0 = Debug|Win32
		{A454C681-0887-43F3-A5F1-65A4A375DE32}.Release Unicode|Win32.ActiveCfg = Release|Win32
		{A454C681-0887-43F3-A5F1-65A4A375DE32}.Release Unicode|Win32.Build.0 = Release|Win32
		{A454C681-0887-43F3-A5F1-65A4A375DE32}.Release|Win32.ActiveCfg = Release|Win32
		{A454C681-0887-43F3-A5F1-65A4A375DE32}.Release|Win32.Build.0 = Release|Win32
		{6FB226A5-AF4D-4760-8436-4F6C757C1A54}.Debug Unicode|Win32.ActiveCfg = Debug Unicode|Win32
		{6FB226A5-AF4D-4760-8436-4F6C757C1A54}.Debug Unicode|Win32.Build.0 = Debug Unicode|Win32
		{6FB226A5-AF4D-4760-8436-4F6C757C1A54}.Debug|Win32.ActiveCfg = Debug|Win32
		{6FB226A5-AF4D-4760-8436-4F6C757C1A54}.Debug|Win32.Build.0 = Debug|Win32
		{6FB226A5-AF4D-4760-8436-4F6C757C1A54}.Release Unicode|Win32.ActiveCfg = Release Unicode|Win32
		{6FB226A5-AF4D-4760-8436-4F6C757C1A54}.Release Unicode|Win32.Build.0 = Release Unicode|Win32
		{6FB226A5-AF4D-4760-8436-4F6C757C1A54}.Release|Win32.ActiveCfg = Release|Win32
		{6FB226A5-AF4D-4760-8436-4F6C757C1A54}.Release|Win32.Build.0 = Release|Win32
		{F61BE55B-F48F-49A6-891A-DB8250B5CBB8}.Debug Unicode|Win32.ActiveCfg = Debug Unicode|Win32
		{F61BE55B-F48F-49A6-891A-DB8250B5CBB8}.Debug Unicode|Win32.Build.0 = Debug Unicode|Win32
		{F61BE55B-F48F-49A6-891A-DB8250B5CBB8}.Debug|Win32.ActiveCfg = Debug|Win32
		{F61BE55B-F48F-49A6-891A-DB8250B5CBB8}.Debug|Win32.Build.0 = Debug|Win32
		{F61BE55B-F48F-49A6-891A-DB8250B5CBB8}.Release Unicode|Win32.ActiveCfg = Release Unicode|Win32
		{F61BE55B-F48F-49A6-891A-DB8250B5CBB8}.Release Unicode|Win32.Build.0 = Release Unicode|Win32
		{F61BE55B-F48F-49A6-891A-DB8250B5CBB8}.Release|Win32.ActiveCfg = Release|Win32
		{F61BE55B-F48F-49A6-891A-DB8250B5CBB8}.Release|Win32.Build.0 = Release|Win32
		{10920ABC-E2CA-4EC9-8968-25DDF6E69FBD}.Debug Unicode|Win32.ActiveCfg = Debug Unicode|Win32
		{10920ABC-E2CA-4EC9-8968-25DDF6E69FBD}.Debug Unicode|Win32.Build.0 = Debug Unicode|Win32
		{10920ABC-E2CA-4EC9-8968-25DDF6E69FBD}.Debug|Win32.ActiveCfg = Debug|Win32
		{10920ABC-E2CA-4EC9-8968-25DDF6E69FBD}.Debug|Win32.Build.0 = Debug|Win32
		{10920ABC-E2CA-4EC9-8968-25DDF6E69FBD}.Release Unicode|Win32.ActiveCfg = Release Unicode|Win32
		{10920ABC-E2CA-4EC9-8968-25DDF6E69FBD}.Release Unicode|Win32.Build.0 = Release Unicode|Win32
		{10920ABC-E2CA-4EC9-8968-25DDF6E69FBD}.Release|Win32.ActiveCfg = Release|Win32
		{10920ABC-E2CA-4EC9-8968-25DDF6E69FBD}.Release|Win32.Build.0 = Release|Win32
	EndGlobalSection
	GlobalSection(SolutionProperties) = preSolution
		HideSolutionNode = FALSE
	EndGlobalSection
EndGlobal
